// !$*UTF8*$!
{
	archiveVersion = 1;
	classes = {
	};
	objectVersion = 55;
	objects = {

/* Begin PBXBuildFile section */
		C736027F275E017D00B7B2C9 /* AppDelegate.m in Sources */ = {isa = PBXBuildFile; fileRef = C736027E275E017D00B7B2C9 /* AppDelegate.m */; };
		C7360285275E017D00B7B2C9 /* ViewController.m in Sources */ = {isa = PBXBuildFile; fileRef = C7360284275E017D00B7B2C9 /* ViewController.m */; };
		C7360288275E017D00B7B2C9 /* Main.storyboard in Resources */ = {isa = PBXBuildFile; fileRef = C7360286275E017D00B7B2C9 /* Main.storyboard */; };
		C736028A275E017F00B7B2C9 /* Assets.xcassets in Resources */ = {isa = PBXBuildFile; fileRef = C7360289275E017F00B7B2C9 /* Assets.xcassets */; };
		C736028D275E017F00B7B2C9 /* LaunchScreen.storyboard in Resources */ = {isa = PBXBuildFile; fileRef = C736028B275E017F00B7B2C9 /* LaunchScreen.storyboard */; };
		C7360290275E017F00B7B2C9 /* main.m in Sources */ = {isa = PBXBuildFile; fileRef = C736028F275E017F00B7B2C9 /* main.m */; };
		C7360298275E05B300B7B2C9 /* XLFormRowLeftIconAndTitleCell.m in Sources */ = {isa = PBXBuildFile; fileRef = C7360296275E05B200B7B2C9 /* XLFormRowLeftIconAndTitleCell.m */; };
		C73602A4275E07F500B7B2C9 /* WindmillRewardVideoAdViewController.m in Sources */ = {isa = PBXBuildFile; fileRef = C73602A3275E07F500B7B2C9 /* WindmillRewardVideoAdViewController.m */; };
		C73602A7275E080900B7B2C9 /* WindmillSplashAdViewController.m in Sources */ = {isa = PBXBuildFile; fileRef = C73602A6275E080900B7B2C9 /* WindmillSplashAdViewController.m */; };
		C73602AA275E081F00B7B2C9 /* WindmillIntersititialAdViewController.m in Sources */ = {isa = PBXBuildFile; fileRef = C73602A9275E081F00B7B2C9 /* WindmillIntersititialAdViewController.m */; };
		C73602AD275E083400B7B2C9 /* WindmillNativeAdViewController.m in Sources */ = {isa = PBXBuildFile; fileRef = C73602AC275E083400B7B2C9 /* WindmillNativeAdViewController.m */; };
		C73602B0275E084700B7B2C9 /* WindmillToolViewController.m in Sources */ = {isa = PBXBuildFile; fileRef = C73602AF275E084700B7B2C9 /* WindmillToolViewController.m */; };
		C73602B3275E086200B7B2C9 /* WindmillChannelVersionViewController.m in Sources */ = {isa = PBXBuildFile; fileRef = C73602B2275E086200B7B2C9 /* WindmillChannelVersionViewController.m */; };
		C73602B7275E0A1800B7B2C9 /* WindmillDropdownListView.m in Sources */ = {isa = PBXBuildFile; fileRef = C73602B5275E0A1800B7B2C9 /* WindmillDropdownListView.m */; };
		C75F019E27D99D6700F26DD9 /* libresolv.9.tbd in Frameworks */ = {isa = PBXBuildFile; fileRef = C75F019D27D99D6700F26DD9 /* libresolv.9.tbd */; };
		C75F01A127D99DD500F26DD9 /* libz.tbd in Frameworks */ = {isa = PBXBuildFile; fileRef = C75F019F27D99D9600F26DD9 /* libz.tbd */; };
		C75F01A327D99DE000F26DD9 /* libc++abi.tbd in Frameworks */ = {isa = PBXBuildFile; fileRef = C75F01A227D99DE000F26DD9 /* libc++abi.tbd */; };
		C75F01A527D99DE700F26DD9 /* libxml2.tbd in Frameworks */ = {isa = PBXBuildFile; fileRef = C75F01A427D99DE700F26DD9 /* libxml2.tbd */; };
		C75F01A727D9A07600F26DD9 /* libsqlite3.tbd in Frameworks */ = {isa = PBXBuildFile; fileRef = C75F01A627D9A07600F26DD9 /* libsqlite3.tbd */; };
		C75F01A927D9A08800F26DD9 /* libiconv.tbd in Frameworks */ = {isa = PBXBuildFile; fileRef = C75F01A827D9A08800F26DD9 /* libiconv.tbd */; };
		C75F01AB27D9A08E00F26DD9 /* libc++.tbd in Frameworks */ = {isa = PBXBuildFile; fileRef = C75F01AA27D9A08E00F26DD9 /* libc++.tbd */; };
		C75F01AD27D9A09300F26DD9 /* libbz2.tbd in Frameworks */ = {isa = PBXBuildFile; fileRef = C75F01AC27D9A09300F26DD9 /* libbz2.tbd */; };
		C77A22152941F72F008F8A81 /* XXCSJCustomSplashAdapter.m in Sources */ = {isa = PBXBuildFile; fileRef = C77A21F12941F72F008F8A81 /* XXCSJCustomSplashAdapter.m */; };
		C77A22162941F72F008F8A81 /* XXCSJExpressFullscreenVideoAd.m in Sources */ = {isa = PBXBuildFile; fileRef = C77A21F42941F72F008F8A81 /* XXCSJExpressFullscreenVideoAd.m */; };
		C77A22192941F72F008F8A81 /* XXCSJCustomInterstitialAdapter.m in Sources */ = {isa = PBXBuildFile; fileRef = C77A21F92941F72F008F8A81 /* XXCSJCustomInterstitialAdapter.m */; };
		C77A221A2941F72F008F8A81 /* XXCSJNativeAdData.m in Sources */ = {isa = PBXBuildFile; fileRef = C77A21FF2941F72F008F8A81 /* XXCSJNativeAdData.m */; };
		C77A221B2941F72F008F8A81 /* XXCSJNativeAdViewCreator.m in Sources */ = {isa = PBXBuildFile; fileRef = C77A22012941F72F008F8A81 /* XXCSJNativeAdViewCreator.m */; };
		C77A221C2941F72F008F8A81 /* XXCSJCustomNativeAdapter.m in Sources */ = {isa = PBXBuildFile; fileRef = C77A22032941F72F008F8A81 /* XXCSJCustomNativeAdapter.m */; };
		C77A221D2941F72F008F8A81 /* XXNativeAdsManager.m in Sources */ = {isa = PBXBuildFile; fileRef = C77A22042941F72F008F8A81 /* XXNativeAdsManager.m */; };
		C77A221E2941F72F008F8A81 /* XXNativeExpressAdManager.m in Sources */ = {isa = PBXBuildFile; fileRef = C77A22052941F72F008F8A81 /* XXNativeExpressAdManager.m */; };
		C77A221F2941F72F008F8A81 /* XXCustomConfigAdapter.m in Sources */ = {isa = PBXBuildFile; fileRef = C77A22082941F72F008F8A81 /* XXCustomConfigAdapter.m */; };
		C77A22202941F72F008F8A81 /* XXCSJExpressRewardVideoAd.m in Sources */ = {isa = PBXBuildFile; fileRef = C77A220C2941F72F008F8A81 /* XXCSJExpressRewardVideoAd.m */; };
		C77A22222941F72F008F8A81 /* XXCSJCustomRewardedVideoAdapter.m in Sources */ = {isa = PBXBuildFile; fileRef = C77A220F2941F72F008F8A81 /* XXCSJCustomRewardedVideoAdapter.m */; };
		C77A22232941F72F008F8A81 /* XXCSJCustomBannerAdapter.m in Sources */ = {isa = PBXBuildFile; fileRef = C77A22142941F72F008F8A81 /* XXCSJCustomBannerAdapter.m */; };
		C77DF8D9282CF19100D9BB8A /* WindmillBannerAdViewController.m in Sources */ = {isa = PBXBuildFile; fileRef = C77DF8D8282CF19100D9BB8A /* WindmillBannerAdViewController.m */; };
		C77DF8DC282CF8E700D9BB8A /* XLFormIconButtonCell.m in Sources */ = {isa = PBXBuildFile; fileRef = C77DF8DB282CF8E700D9BB8A /* XLFormIconButtonCell.m */; };
		C7B2CA9229ACA47500AF9BC6 /* AWMDrawTableViewCell.m in Sources */ = {isa = PBXBuildFile; fileRef = C7B2CA9129ACA47500AF9BC6 /* AWMDrawTableViewCell.m */; };
		C7B2CA9529ACA4D800AF9BC6 /* DrawNativeAdViewController.m in Sources */ = {isa = PBXBuildFile; fileRef = C7B2CA9429ACA4D800AF9BC6 /* DrawNativeAdViewController.m */; };
		C7B2CA9829ADE05F00AF9BC6 /* AWMNativeListViewController.m in Sources */ = {isa = PBXBuildFile; fileRef = C7B2CA9729ADE05F00AF9BC6 /* AWMNativeListViewController.m */; };
		C7B2CA9B29ADF05B00AF9BC6 /* AWMDrawAdConfigViewController.m in Sources */ = {isa = PBXBuildFile; fileRef = C7B2CA9A29ADF05B00AF9BC6 /* AWMDrawAdConfigViewController.m */; };
		C7CD051A276084B10015C417 /* XLFormInlineLabelCell.m in Sources */ = {isa = PBXBuildFile; fileRef = C7CD0519276084B10015C417 /* XLFormInlineLabelCell.m */; };
		C7CD05AA2761D3840015C417 /* XLFormBaseViewController.m in Sources */ = {isa = PBXBuildFile; fileRef = C7CD05A92761D3840015C417 /* XLFormBaseViewController.m */; };
		C7CD05AD2761ECD40015C417 /* XLFormSliderValueCell.m in Sources */ = {isa = PBXBuildFile; fileRef = C7CD05AC2761ECD40015C417 /* XLFormSliderValueCell.m */; };
		C7CD05B02761F6680015C417 /* WindmillNativeTableViewController.m in Sources */ = {isa = PBXBuildFile; fileRef = C7CD05AF2761F6680015C417 /* WindmillNativeTableViewController.m */; };
		C7CD05B32761F8D90015C417 /* NativeAdCustomView.m in Sources */ = {isa = PBXBuildFile; fileRef = C7CD05B22761F8D90015C417 /* NativeAdCustomView.m */; };
		C7CD05B62761F9F50015C417 /* WindMillFeedAdViewStyle.m in Sources */ = {isa = PBXBuildFile; fileRef = C7CD05B52761F9F50015C417 /* WindMillFeedAdViewStyle.m */; };
		C7CD05B92761FA210015C417 /* FeedStyleHelper.m in Sources */ = {isa = PBXBuildFile; fileRef = C7CD05B82761FA210015C417 /* FeedStyleHelper.m */; };
		C7CD05C1276204950015C417 /* feedInfo.cactus in Resources */ = {isa = PBXBuildFile; fileRef = C7CD05C0276204950015C417 /* feedInfo.cactus */; };
		C7CD05CF276212980015C417 /* WindMillFeedAdLeftTableViewCell.m in Sources */ = {isa = PBXBuildFile; fileRef = C7CD05C4276212970015C417 /* WindMillFeedAdLeftTableViewCell.m */; };
		C7CD05D0276212980015C417 /* WindMillFeedExpressAdTableViewCell.m in Sources */ = {isa = PBXBuildFile; fileRef = C7CD05C5276212970015C417 /* WindMillFeedExpressAdTableViewCell.m */; };
		C7CD05D1276212980015C417 /* WindMillFeedAdLargeTableViewCell.m in Sources */ = {isa = PBXBuildFile; fileRef = C7CD05C7276212970015C417 /* WindMillFeedAdLargeTableViewCell.m */; };
		C7CD05D2276212980015C417 /* WindMillFeedVideoTableViewCell.m in Sources */ = {isa = PBXBuildFile; fileRef = C7CD05C8276212970015C417 /* WindMillFeedVideoTableViewCell.m */; };
		C7CD05D3276212980015C417 /* WindMillFeedAdBaseTableViewCell.m in Sources */ = {isa = PBXBuildFile; fileRef = C7CD05CB276212970015C417 /* WindMillFeedAdBaseTableViewCell.m */; };
		C7CD05D4276212980015C417 /* WindMillFeedAdImageGroupTableViewCell.m in Sources */ = {isa = PBXBuildFile; fileRef = C7CD05CE276212980015C417 /* WindMillFeedAdImageGroupTableViewCell.m */; };
		C7CD05D7276212D90015C417 /* FeedNormalModel.m in Sources */ = {isa = PBXBuildFile; fileRef = C7CD05D6276212D90015C417 /* FeedNormalModel.m */; };
		C7CD05DA2762131B0015C417 /* WindFeedNormalTableViewCell.m in Sources */ = {isa = PBXBuildFile; fileRef = C7CD05D92762131B0015C417 /* WindFeedNormalTableViewCell.m */; };
		C7D8C2EC275F511600719BFD /* channel.json in Resources */ = {isa = PBXBuildFile; fileRef = C7D8C2EA275F511600719BFD /* channel.json */; };
		C7D8C2F1275F591500719BFD /* ChannelItem.m in Sources */ = {isa = PBXBuildFile; fileRef = C7D8C2F0275F591500719BFD /* ChannelItem.m */; };
		C7D8C2F5275F601500719BFD /* WindHelper.m in Sources */ = {isa = PBXBuildFile; fileRef = C7D8C2F4275F601500719BFD /* WindHelper.m */; };
		C7D8C2FC275F8F7600719BFD /* XLFormDropdownCell.m in Sources */ = {isa = PBXBuildFile; fileRef = C7D8C2FA275F8F7600719BFD /* XLFormDropdownCell.m */; };
		C7D8C2FD275F8F7600719BFD /* XLFormDropdownCell.xib in Resources */ = {isa = PBXBuildFile; fileRef = C7D8C2FB275F8F7600719BFD /* XLFormDropdownCell.xib */; };
		EB523BBCEC02D5E6C01E9B06 /* Pods_WindmillSample.framework in Frameworks */ = {isa = PBXBuildFile; fileRef = 6E15269E3D2AE2F97F5459BB /* Pods_WindmillSample.framework */; };
/* End PBXBuildFile section */

/* Begin PBXCopyFilesBuildPhase section */
		C75CCE3627D9A6AB003423E1 /* Embed Frameworks */ = {
			isa = PBXCopyFilesBuildPhase;
			buildActionMask = 2147483647;
			dstPath = "";
			dstSubfolderSpec = 10;
			files = (
			);
			name = "Embed Frameworks";
			runOnlyForDeploymentPostprocessing = 0;
		};
/* End PBXCopyFilesBuildPhase section */

/* Begin PBXFileReference section */
		291877FC814DE8B4AE755B7A /* Pods-WindmillSample.release.xcconfig */ = {isa = PBXFileReference; includeInIndex = 1; lastKnownFileType = text.xcconfig; name = "Pods-WindmillSample.release.xcconfig"; path = "Target Support Files/Pods-WindmillSample/Pods-WindmillSample.release.xcconfig"; sourceTree = "<group>"; };
		30AAE2EB802E0CF163B9E226 /* Pods-WindmillSample.debug.xcconfig */ = {isa = PBXFileReference; includeInIndex = 1; lastKnownFileType = text.xcconfig; name = "Pods-WindmillSample.debug.xcconfig"; path = "Target Support Files/Pods-WindmillSample/Pods-WindmillSample.debug.xcconfig"; sourceTree = "<group>"; };
		6E15269E3D2AE2F97F5459BB /* Pods_WindmillSample.framework */ = {isa = PBXFileReference; explicitFileType = wrapper.framework; includeInIndex = 0; path = Pods_WindmillSample.framework; sourceTree = BUILT_PRODUCTS_DIR; };
		C736027A275E017D00B7B2C9 /* WindmillSample.app */ = {isa = PBXFileReference; explicitFileType = wrapper.application; includeInIndex = 0; path = WindmillSample.app; sourceTree = BUILT_PRODUCTS_DIR; };
		C736027D275E017D00B7B2C9 /* AppDelegate.h */ = {isa = PBXFileReference; lastKnownFileType = sourcecode.c.h; path = AppDelegate.h; sourceTree = "<group>"; };
		C736027E275E017D00B7B2C9 /* AppDelegate.m */ = {isa = PBXFileReference; lastKnownFileType = sourcecode.c.objc; path = AppDelegate.m; sourceTree = "<group>"; };
		C7360283275E017D00B7B2C9 /* ViewController.h */ = {isa = PBXFileReference; lastKnownFileType = sourcecode.c.h; path = ViewController.h; sourceTree = "<group>"; };
		C7360284275E017D00B7B2C9 /* ViewController.m */ = {isa = PBXFileReference; lastKnownFileType = sourcecode.c.objc; path = ViewController.m; sourceTree = "<group>"; };
		C7360287275E017D00B7B2C9 /* Base */ = {isa = PBXFileReference; lastKnownFileType = file.storyboard; name = Base; path = Base.lproj/Main.storyboard; sourceTree = "<group>"; };
		C7360289275E017F00B7B2C9 /* Assets.xcassets */ = {isa = PBXFileReference; lastKnownFileType = folder.assetcatalog; path = Assets.xcassets; sourceTree = "<group>"; };
		C736028C275E017F00B7B2C9 /* Base */ = {isa = PBXFileReference; lastKnownFileType = file.storyboard; name = Base; path = Base.lproj/LaunchScreen.storyboard; sourceTree = "<group>"; };
		C736028E275E017F00B7B2C9 /* Info.plist */ = {isa = PBXFileReference; lastKnownFileType = text.plist.xml; path = Info.plist; sourceTree = "<group>"; };
		C736028F275E017F00B7B2C9 /* main.m */ = {isa = PBXFileReference; lastKnownFileType = sourcecode.c.objc; path = main.m; sourceTree = "<group>"; };
		C7360296275E05B200B7B2C9 /* XLFormRowLeftIconAndTitleCell.m */ = {isa = PBXFileReference; fileEncoding = 4; lastKnownFileType = sourcecode.c.objc; path = XLFormRowLeftIconAndTitleCell.m; sourceTree = "<group>"; };
		C7360297275E05B200B7B2C9 /* XLFormRowLeftIconAndTitleCell.h */ = {isa = PBXFileReference; fileEncoding = 4; lastKnownFileType = sourcecode.c.h; path = XLFormRowLeftIconAndTitleCell.h; sourceTree = "<group>"; };
		C73602A2275E07F500B7B2C9 /* WindmillRewardVideoAdViewController.h */ = {isa = PBXFileReference; lastKnownFileType = sourcecode.c.h; path = WindmillRewardVideoAdViewController.h; sourceTree = "<group>"; };
		C73602A3275E07F500B7B2C9 /* WindmillRewardVideoAdViewController.m */ = {isa = PBXFileReference; lastKnownFileType = sourcecode.c.objc; path = WindmillRewardVideoAdViewController.m; sourceTree = "<group>"; };
		C73602A5275E080900B7B2C9 /* WindmillSplashAdViewController.h */ = {isa = PBXFileReference; lastKnownFileType = sourcecode.c.h; path = WindmillSplashAdViewController.h; sourceTree = "<group>"; };
		C73602A6275E080900B7B2C9 /* WindmillSplashAdViewController.m */ = {isa = PBXFileReference; lastKnownFileType = sourcecode.c.objc; path = WindmillSplashAdViewController.m; sourceTree = "<group>"; };
		C73602A8275E081F00B7B2C9 /* WindmillIntersititialAdViewController.h */ = {isa = PBXFileReference; lastKnownFileType = sourcecode.c.h; path = WindmillIntersititialAdViewController.h; sourceTree = "<group>"; };
		C73602A9275E081F00B7B2C9 /* WindmillIntersititialAdViewController.m */ = {isa = PBXFileReference; lastKnownFileType = sourcecode.c.objc; path = WindmillIntersititialAdViewController.m; sourceTree = "<group>"; };
		C73602AB275E083400B7B2C9 /* WindmillNativeAdViewController.h */ = {isa = PBXFileReference; lastKnownFileType = sourcecode.c.h; path = WindmillNativeAdViewController.h; sourceTree = "<group>"; };
		C73602AC275E083400B7B2C9 /* WindmillNativeAdViewController.m */ = {isa = PBXFileReference; lastKnownFileType = sourcecode.c.objc; path = WindmillNativeAdViewController.m; sourceTree = "<group>"; };
		C73602AE275E084700B7B2C9 /* WindmillToolViewController.h */ = {isa = PBXFileReference; lastKnownFileType = sourcecode.c.h; path = WindmillToolViewController.h; sourceTree = "<group>"; };
		C73602AF275E084700B7B2C9 /* WindmillToolViewController.m */ = {isa = PBXFileReference; lastKnownFileType = sourcecode.c.objc; path = WindmillToolViewController.m; sourceTree = "<group>"; };
		C73602B1275E086200B7B2C9 /* WindmillChannelVersionViewController.h */ = {isa = PBXFileReference; lastKnownFileType = sourcecode.c.h; path = WindmillChannelVersionViewController.h; sourceTree = "<group>"; };
		C73602B2275E086200B7B2C9 /* WindmillChannelVersionViewController.m */ = {isa = PBXFileReference; lastKnownFileType = sourcecode.c.objc; path = WindmillChannelVersionViewController.m; sourceTree = "<group>"; };
		C73602B5275E0A1800B7B2C9 /* WindmillDropdownListView.m */ = {isa = PBXFileReference; fileEncoding = 4; lastKnownFileType = sourcecode.c.objc; path = WindmillDropdownListView.m; sourceTree = "<group>"; };
		C73602B6275E0A1800B7B2C9 /* WindmillDropdownListView.h */ = {isa = PBXFileReference; fileEncoding = 4; lastKnownFileType = sourcecode.c.h; path = WindmillDropdownListView.h; sourceTree = "<group>"; };
		C75F019D27D99D6700F26DD9 /* libresolv.9.tbd */ = {isa = PBXFileReference; lastKnownFileType = "sourcecode.text-based-dylib-definition"; name = libresolv.9.tbd; path = usr/lib/libresolv.9.tbd; sourceTree = SDKROOT; };
		C75F019F27D99D9600F26DD9 /* libz.tbd */ = {isa = PBXFileReference; lastKnownFileType = "sourcecode.text-based-dylib-definition"; name = libz.tbd; path = usr/lib/libz.tbd; sourceTree = SDKROOT; };
		C75F01A227D99DE000F26DD9 /* libc++abi.tbd */ = {isa = PBXFileReference; lastKnownFileType = "sourcecode.text-based-dylib-definition"; name = "libc++abi.tbd"; path = "usr/lib/libc++abi.tbd"; sourceTree = SDKROOT; };
		C75F01A427D99DE700F26DD9 /* libxml2.tbd */ = {isa = PBXFileReference; lastKnownFileType = "sourcecode.text-based-dylib-definition"; name = libxml2.tbd; path = usr/lib/libxml2.tbd; sourceTree = SDKROOT; };
		C75F01A627D9A07600F26DD9 /* libsqlite3.tbd */ = {isa = PBXFileReference; lastKnownFileType = "sourcecode.text-based-dylib-definition"; name = libsqlite3.tbd; path = usr/lib/libsqlite3.tbd; sourceTree = SDKROOT; };
		C75F01A827D9A08800F26DD9 /* libiconv.tbd */ = {isa = PBXFileReference; lastKnownFileType = "sourcecode.text-based-dylib-definition"; name = libiconv.tbd; path = usr/lib/libiconv.tbd; sourceTree = SDKROOT; };
		C75F01AA27D9A08E00F26DD9 /* libc++.tbd */ = {isa = PBXFileReference; lastKnownFileType = "sourcecode.text-based-dylib-definition"; name = "libc++.tbd"; path = "usr/lib/libc++.tbd"; sourceTree = SDKROOT; };
		C75F01AC27D9A09300F26DD9 /* libbz2.tbd */ = {isa = PBXFileReference; lastKnownFileType = "sourcecode.text-based-dylib-definition"; name = libbz2.tbd; path = usr/lib/libbz2.tbd; sourceTree = SDKROOT; };
		C77A21F02941F72F008F8A81 /* XXCSJCustomSplashAdapter.h */ = {isa = PBXFileReference; fileEncoding = 4; lastKnownFileType = sourcecode.c.h; path = XXCSJCustomSplashAdapter.h; sourceTree = "<group>"; };
		C77A21F12941F72F008F8A81 /* XXCSJCustomSplashAdapter.m */ = {isa = PBXFileReference; fileEncoding = 4; lastKnownFileType = sourcecode.c.objc; path = XXCSJCustomSplashAdapter.m; sourceTree = "<group>"; };
		C77A21F42941F72F008F8A81 /* XXCSJExpressFullscreenVideoAd.m */ = {isa = PBXFileReference; fileEncoding = 4; lastKnownFileType = sourcecode.c.objc; path = XXCSJExpressFullscreenVideoAd.m; sourceTree = "<group>"; };
		C77A21F52941F72F008F8A81 /* XXCSJCustomInterstitialAdapter.h */ = {isa = PBXFileReference; fileEncoding = 4; lastKnownFileType = sourcecode.c.h; path = XXCSJCustomInterstitialAdapter.h; sourceTree = "<group>"; };
		C77A21F72941F72F008F8A81 /* XXCSJExpressFullscreenVideoAd.h */ = {isa = PBXFileReference; fileEncoding = 4; lastKnownFileType = sourcecode.c.h; path = XXCSJExpressFullscreenVideoAd.h; sourceTree = "<group>"; };
		C77A21F92941F72F008F8A81 /* XXCSJCustomInterstitialAdapter.m */ = {isa = PBXFileReference; fileEncoding = 4; lastKnownFileType = sourcecode.c.objc; path = XXCSJCustomInterstitialAdapter.m; sourceTree = "<group>"; };
		C77A21FC2941F72F008F8A81 /* XXCSJNativeAdViewCreator.h */ = {isa = PBXFileReference; fileEncoding = 4; lastKnownFileType = sourcecode.c.h; path = XXCSJNativeAdViewCreator.h; sourceTree = "<group>"; };
		C77A21FD2941F72F008F8A81 /* XXNativeAdsManager.h */ = {isa = PBXFileReference; fileEncoding = 4; lastKnownFileType = sourcecode.c.h; path = XXNativeAdsManager.h; sourceTree = "<group>"; };
		C77A21FE2941F72F008F8A81 /* XXCSJCustomNativeAdapter.h */ = {isa = PBXFileReference; fileEncoding = 4; lastKnownFileType = sourcecode.c.h; path = XXCSJCustomNativeAdapter.h; sourceTree = "<group>"; };
		C77A21FF2941F72F008F8A81 /* XXCSJNativeAdData.m */ = {isa = PBXFileReference; fileEncoding = 4; lastKnownFileType = sourcecode.c.objc; path = XXCSJNativeAdData.m; sourceTree = "<group>"; };
		C77A22002941F72F008F8A81 /* XXNativeExpressAdManager.h */ = {isa = PBXFileReference; fileEncoding = 4; lastKnownFileType = sourcecode.c.h; path = XXNativeExpressAdManager.h; sourceTree = "<group>"; };
		C77A22012941F72F008F8A81 /* XXCSJNativeAdViewCreator.m */ = {isa = PBXFileReference; fileEncoding = 4; lastKnownFileType = sourcecode.c.objc; path = XXCSJNativeAdViewCreator.m; sourceTree = "<group>"; };
		C77A22022941F72F008F8A81 /* XXCSJNativeAdData.h */ = {isa = PBXFileReference; fileEncoding = 4; lastKnownFileType = sourcecode.c.h; path = XXCSJNativeAdData.h; sourceTree = "<group>"; };
		C77A22032941F72F008F8A81 /* XXCSJCustomNativeAdapter.m */ = {isa = PBXFileReference; fileEncoding = 4; lastKnownFileType = sourcecode.c.objc; path = XXCSJCustomNativeAdapter.m; sourceTree = "<group>"; };
		C77A22042941F72F008F8A81 /* XXNativeAdsManager.m */ = {isa = PBXFileReference; fileEncoding = 4; lastKnownFileType = sourcecode.c.objc; path = XXNativeAdsManager.m; sourceTree = "<group>"; };
		C77A22052941F72F008F8A81 /* XXNativeExpressAdManager.m */ = {isa = PBXFileReference; fileEncoding = 4; lastKnownFileType = sourcecode.c.objc; path = XXNativeExpressAdManager.m; sourceTree = "<group>"; };
		C77A22072941F72F008F8A81 /* XXCustomConfigAdapter.h */ = {isa = PBXFileReference; fileEncoding = 4; lastKnownFileType = sourcecode.c.h; path = XXCustomConfigAdapter.h; sourceTree = "<group>"; };
		C77A22082941F72F008F8A81 /* XXCustomConfigAdapter.m */ = {isa = PBXFileReference; fileEncoding = 4; lastKnownFileType = sourcecode.c.objc; path = XXCustomConfigAdapter.m; sourceTree = "<group>"; };
		C77A220A2941F72F008F8A81 /* XXCSJAdProtocol.h */ = {isa = PBXFileReference; fileEncoding = 4; lastKnownFileType = sourcecode.c.h; path = XXCSJAdProtocol.h; sourceTree = "<group>"; };
		C77A220C2941F72F008F8A81 /* XXCSJExpressRewardVideoAd.m */ = {isa = PBXFileReference; fileEncoding = 4; lastKnownFileType = sourcecode.c.objc; path = XXCSJExpressRewardVideoAd.m; sourceTree = "<group>"; };
		C77A220D2941F72F008F8A81 /* XXCSJCustomRewardedVideoAdapter.h */ = {isa = PBXFileReference; fileEncoding = 4; lastKnownFileType = sourcecode.c.h; path = XXCSJCustomRewardedVideoAdapter.h; sourceTree = "<group>"; };
		C77A220F2941F72F008F8A81 /* XXCSJCustomRewardedVideoAdapter.m */ = {isa = PBXFileReference; fileEncoding = 4; lastKnownFileType = sourcecode.c.objc; path = XXCSJCustomRewardedVideoAdapter.m; sourceTree = "<group>"; };
		C77A22102941F72F008F8A81 /* XXCSJExpressRewardVideoAd.h */ = {isa = PBXFileReference; fileEncoding = 4; lastKnownFileType = sourcecode.c.h; path = XXCSJExpressRewardVideoAd.h; sourceTree = "<group>"; };
		C77A22132941F72F008F8A81 /* XXCSJCustomBannerAdapter.h */ = {isa = PBXFileReference; fileEncoding = 4; lastKnownFileType = sourcecode.c.h; path = XXCSJCustomBannerAdapter.h; sourceTree = "<group>"; };
		C77A22142941F72F008F8A81 /* XXCSJCustomBannerAdapter.m */ = {isa = PBXFileReference; fileEncoding = 4; lastKnownFileType = sourcecode.c.objc; path = XXCSJCustomBannerAdapter.m; sourceTree = "<group>"; };
		C77DF8D7282CF19100D9BB8A /* WindmillBannerAdViewController.h */ = {isa = PBXFileReference; lastKnownFileType = sourcecode.c.h; path = WindmillBannerAdViewController.h; sourceTree = "<group>"; };
		C77DF8D8282CF19100D9BB8A /* WindmillBannerAdViewController.m */ = {isa = PBXFileReference; lastKnownFileType = sourcecode.c.objc; path = WindmillBannerAdViewController.m; sourceTree = "<group>"; };
		C77DF8DA282CF8E700D9BB8A /* XLFormIconButtonCell.h */ = {isa = PBXFileReference; fileEncoding = 4; lastKnownFileType = sourcecode.c.h; path = XLFormIconButtonCell.h; sourceTree = "<group>"; };
		C77DF8DB282CF8E700D9BB8A /* XLFormIconButtonCell.m */ = {isa = PBXFileReference; fileEncoding = 4; lastKnownFileType = sourcecode.c.objc; path = XLFormIconButtonCell.m; sourceTree = "<group>"; };
		C7B2CA9029ACA47500AF9BC6 /* AWMDrawTableViewCell.h */ = {isa = PBXFileReference; fileEncoding = 4; lastKnownFileType = sourcecode.c.h; path = AWMDrawTableViewCell.h; sourceTree = "<group>"; };
		C7B2CA9129ACA47500AF9BC6 /* AWMDrawTableViewCell.m */ = {isa = PBXFileReference; fileEncoding = 4; lastKnownFileType = sourcecode.c.objc; path = AWMDrawTableViewCell.m; sourceTree = "<group>"; };
		C7B2CA9329ACA4D800AF9BC6 /* DrawNativeAdViewController.h */ = {isa = PBXFileReference; fileEncoding = 4; lastKnownFileType = sourcecode.c.h; path = DrawNativeAdViewController.h; sourceTree = "<group>"; };
		C7B2CA9429ACA4D800AF9BC6 /* DrawNativeAdViewController.m */ = {isa = PBXFileReference; fileEncoding = 4; lastKnownFileType = sourcecode.c.objc; path = DrawNativeAdViewController.m; sourceTree = "<group>"; };
		C7B2CA9629ADE05F00AF9BC6 /* AWMNativeListViewController.h */ = {isa = PBXFileReference; lastKnownFileType = sourcecode.c.h; path = AWMNativeListViewController.h; sourceTree = "<group>"; };
		C7B2CA9729ADE05F00AF9BC6 /* AWMNativeListViewController.m */ = {isa = PBXFileReference; lastKnownFileType = sourcecode.c.objc; path = AWMNativeListViewController.m; sourceTree = "<group>"; };
		C7B2CA9929ADF05B00AF9BC6 /* AWMDrawAdConfigViewController.h */ = {isa = PBXFileReference; lastKnownFileType = sourcecode.c.h; path = AWMDrawAdConfigViewController.h; sourceTree = "<group>"; };
		C7B2CA9A29ADF05B00AF9BC6 /* AWMDrawAdConfigViewController.m */ = {isa = PBXFileReference; lastKnownFileType = sourcecode.c.objc; path = AWMDrawAdConfigViewController.m; sourceTree = "<group>"; };
		C7CD0518276084B10015C417 /* XLFormInlineLabelCell.h */ = {isa = PBXFileReference; lastKnownFileType = sourcecode.c.h; path = XLFormInlineLabelCell.h; sourceTree = "<group>"; };
		C7CD0519276084B10015C417 /* XLFormInlineLabelCell.m */ = {isa = PBXFileReference; lastKnownFileType = sourcecode.c.objc; path = XLFormInlineLabelCell.m; sourceTree = "<group>"; };
		C7CD051B2760900A0015C417 /* PrefixHeader.pch */ = {isa = PBXFileReference; lastKnownFileType = sourcecode.c.h; path = PrefixHeader.pch; sourceTree = "<group>"; };
		C7CD05A82761D3840015C417 /* XLFormBaseViewController.h */ = {isa = PBXFileReference; lastKnownFileType = sourcecode.c.h; path = XLFormBaseViewController.h; sourceTree = "<group>"; };
		C7CD05A92761D3840015C417 /* XLFormBaseViewController.m */ = {isa = PBXFileReference; lastKnownFileType = sourcecode.c.objc; path = XLFormBaseViewController.m; sourceTree = "<group>"; };
		C7CD05AB2761ECD40015C417 /* XLFormSliderValueCell.h */ = {isa = PBXFileReference; fileEncoding = 4; lastKnownFileType = sourcecode.c.h; path = XLFormSliderValueCell.h; sourceTree = "<group>"; };
		C7CD05AC2761ECD40015C417 /* XLFormSliderValueCell.m */ = {isa = PBXFileReference; fileEncoding = 4; lastKnownFileType = sourcecode.c.objc; path = XLFormSliderValueCell.m; sourceTree = "<group>"; };
		C7CD05AE2761F6680015C417 /* WindmillNativeTableViewController.h */ = {isa = PBXFileReference; lastKnownFileType = sourcecode.c.h; path = WindmillNativeTableViewController.h; sourceTree = "<group>"; };
		C7CD05AF2761F6680015C417 /* WindmillNativeTableViewController.m */ = {isa = PBXFileReference; lastKnownFileType = sourcecode.c.objc; path = WindmillNativeTableViewController.m; sourceTree = "<group>"; };
		C7CD05B12761F8D90015C417 /* NativeAdCustomView.h */ = {isa = PBXFileReference; fileEncoding = 4; lastKnownFileType = sourcecode.c.h; path = NativeAdCustomView.h; sourceTree = "<group>"; };
		C7CD05B22761F8D90015C417 /* NativeAdCustomView.m */ = {isa = PBXFileReference; fileEncoding = 4; lastKnownFileType = sourcecode.c.objc; path = NativeAdCustomView.m; sourceTree = "<group>"; };
		C7CD05B42761F9F50015C417 /* WindMillFeedAdViewStyle.h */ = {isa = PBXFileReference; fileEncoding = 4; lastKnownFileType = sourcecode.c.h; path = WindMillFeedAdViewStyle.h; sourceTree = "<group>"; };
		C7CD05B52761F9F50015C417 /* WindMillFeedAdViewStyle.m */ = {isa = PBXFileReference; fileEncoding = 4; lastKnownFileType = sourcecode.c.objc; path = WindMillFeedAdViewStyle.m; sourceTree = "<group>"; };
		C7CD05B72761FA210015C417 /* FeedStyleHelper.h */ = {isa = PBXFileReference; fileEncoding = 4; lastKnownFileType = sourcecode.c.h; path = FeedStyleHelper.h; sourceTree = "<group>"; };
		C7CD05B82761FA210015C417 /* FeedStyleHelper.m */ = {isa = PBXFileReference; fileEncoding = 4; lastKnownFileType = sourcecode.c.objc; path = FeedStyleHelper.m; sourceTree = "<group>"; };
		C7CD05BA276200470015C417 /* WindSDK.framework */ = {isa = PBXFileReference; explicitFileType = wrapper.framework; path = WindSDK.framework; sourceTree = BUILT_PRODUCTS_DIR; };
		C7CD05BC2762004B0015C417 /* WindFoundation.framework */ = {isa = PBXFileReference; explicitFileType = wrapper.framework; path = WindFoundation.framework; sourceTree = BUILT_PRODUCTS_DIR; };
		C7CD05BE2762004F0015C417 /* WindMillSDK.framework */ = {isa = PBXFileReference; explicitFileType = wrapper.framework; path = WindMillSDK.framework; sourceTree = BUILT_PRODUCTS_DIR; };
		C7CD05C0276204950015C417 /* feedInfo.cactus */ = {isa = PBXFileReference; fileEncoding = 4; lastKnownFileType = text; path = feedInfo.cactus; sourceTree = "<group>"; };
		C7CD05C3276212970015C417 /* WindMillFeedAdLeftTableViewCell.h */ = {isa = PBXFileReference; fileEncoding = 4; lastKnownFileType = sourcecode.c.h; path = WindMillFeedAdLeftTableViewCell.h; sourceTree = "<group>"; };
		C7CD05C4276212970015C417 /* WindMillFeedAdLeftTableViewCell.m */ = {isa = PBXFileReference; fileEncoding = 4; lastKnownFileType = sourcecode.c.objc; path = WindMillFeedAdLeftTableViewCell.m; sourceTree = "<group>"; };
		C7CD05C5276212970015C417 /* WindMillFeedExpressAdTableViewCell.m */ = {isa = PBXFileReference; fileEncoding = 4; lastKnownFileType = sourcecode.c.objc; path = WindMillFeedExpressAdTableViewCell.m; sourceTree = "<group>"; };
		C7CD05C6276212970015C417 /* WindMillFeedExpressAdTableViewCell.h */ = {isa = PBXFileReference; fileEncoding = 4; lastKnownFileType = sourcecode.c.h; path = WindMillFeedExpressAdTableViewCell.h; sourceTree = "<group>"; };
		C7CD05C7276212970015C417 /* WindMillFeedAdLargeTableViewCell.m */ = {isa = PBXFileReference; fileEncoding = 4; lastKnownFileType = sourcecode.c.objc; path = WindMillFeedAdLargeTableViewCell.m; sourceTree = "<group>"; };
		C7CD05C8276212970015C417 /* WindMillFeedVideoTableViewCell.m */ = {isa = PBXFileReference; fileEncoding = 4; lastKnownFileType = sourcecode.c.objc; path = WindMillFeedVideoTableViewCell.m; sourceTree = "<group>"; };
		C7CD05C9276212970015C417 /* WindMillFeedAdLargeTableViewCell.h */ = {isa = PBXFileReference; fileEncoding = 4; lastKnownFileType = sourcecode.c.h; path = WindMillFeedAdLargeTableViewCell.h; sourceTree = "<group>"; };
		C7CD05CA276212970015C417 /* WindMillFeedVideoTableViewCell.h */ = {isa = PBXFileReference; fileEncoding = 4; lastKnownFileType = sourcecode.c.h; path = WindMillFeedVideoTableViewCell.h; sourceTree = "<group>"; };
		C7CD05CB276212970015C417 /* WindMillFeedAdBaseTableViewCell.m */ = {isa = PBXFileReference; fileEncoding = 4; lastKnownFileType = sourcecode.c.objc; path = WindMillFeedAdBaseTableViewCell.m; sourceTree = "<group>"; };
		C7CD05CC276212970015C417 /* WindMillFeedAdBaseTableViewCell.h */ = {isa = PBXFileReference; fileEncoding = 4; lastKnownFileType = sourcecode.c.h; path = WindMillFeedAdBaseTableViewCell.h; sourceTree = "<group>"; };
		C7CD05CD276212980015C417 /* WindMillFeedAdImageGroupTableViewCell.h */ = {isa = PBXFileReference; fileEncoding = 4; lastKnownFileType = sourcecode.c.h; path = WindMillFeedAdImageGroupTableViewCell.h; sourceTree = "<group>"; };
		C7CD05CE276212980015C417 /* WindMillFeedAdImageGroupTableViewCell.m */ = {isa = PBXFileReference; fileEncoding = 4; lastKnownFileType = sourcecode.c.objc; path = WindMillFeedAdImageGroupTableViewCell.m; sourceTree = "<group>"; };
		C7CD05D5276212D90015C417 /* FeedNormalModel.h */ = {isa = PBXFileReference; fileEncoding = 4; lastKnownFileType = sourcecode.c.h; path = FeedNormalModel.h; sourceTree = "<group>"; };
		C7CD05D6276212D90015C417 /* FeedNormalModel.m */ = {isa = PBXFileReference; fileEncoding = 4; lastKnownFileType = sourcecode.c.objc; path = FeedNormalModel.m; sourceTree = "<group>"; };
		C7CD05D82762131B0015C417 /* WindFeedNormalTableViewCell.h */ = {isa = PBXFileReference; fileEncoding = 4; lastKnownFileType = sourcecode.c.h; path = WindFeedNormalTableViewCell.h; sourceTree = "<group>"; };
		C7CD05D92762131B0015C417 /* WindFeedNormalTableViewCell.m */ = {isa = PBXFileReference; fileEncoding = 4; lastKnownFileType = sourcecode.c.objc; path = WindFeedNormalTableViewCell.m; sourceTree = "<group>"; };
		C7D8C2EA275F511600719BFD /* channel.json */ = {isa = PBXFileReference; fileEncoding = 4; lastKnownFileType = text.json; path = channel.json; sourceTree = "<group>"; };
		C7D8C2EF275F591500719BFD /* ChannelItem.h */ = {isa = PBXFileReference; lastKnownFileType = sourcecode.c.h; path = ChannelItem.h; sourceTree = "<group>"; };
		C7D8C2F0275F591500719BFD /* ChannelItem.m */ = {isa = PBXFileReference; lastKnownFileType = sourcecode.c.objc; path = ChannelItem.m; sourceTree = "<group>"; };
		C7D8C2F3275F601500719BFD /* WindHelper.h */ = {isa = PBXFileReference; lastKnownFileType = sourcecode.c.h; path = WindHelper.h; sourceTree = "<group>"; };
		C7D8C2F4275F601500719BFD /* WindHelper.m */ = {isa = PBXFileReference; lastKnownFileType = sourcecode.c.objc; path = WindHelper.m; sourceTree = "<group>"; };
		C7D8C2F9275F8F7600719BFD /* XLFormDropdownCell.h */ = {isa = PBXFileReference; lastKnownFileType = sourcecode.c.h; path = XLFormDropdownCell.h; sourceTree = "<group>"; };
		C7D8C2FA275F8F7600719BFD /* XLFormDropdownCell.m */ = {isa = PBXFileReference; lastKnownFileType = sourcecode.c.objc; path = XLFormDropdownCell.m; sourceTree = "<group>"; };
		C7D8C2FB275F8F7600719BFD /* XLFormDropdownCell.xib */ = {isa = PBXFileReference; lastKnownFileType = file.xib; path = XLFormDropdownCell.xib; sourceTree = "<group>"; };
/* End PBXFileReference section */

/* Begin PBXFrameworksBuildPhase section */
		C7360277275E017D00B7B2C9 /* Frameworks */ = {
			isa = PBXFrameworksBuildPhase;
			buildActionMask = 2147483647;
			files = (
				C75F01AD27D9A09300F26DD9 /* libbz2.tbd in Frameworks */,
				C75F01AB27D9A08E00F26DD9 /* libc++.tbd in Frameworks */,
				C75F01A927D9A08800F26DD9 /* libiconv.tbd in Frameworks */,
				C75F019E27D99D6700F26DD9 /* libresolv.9.tbd in Frameworks */,
				C75F01A727D9A07600F26DD9 /* libsqlite3.tbd in Frameworks */,
				C75F01A527D99DE700F26DD9 /* libxml2.tbd in Frameworks */,
				C75F01A327D99DE000F26DD9 /* libc++abi.tbd in Frameworks */,
				C75F01A127D99DD500F26DD9 /* libz.tbd in Frameworks */,
				EB523BBCEC02D5E6C01E9B06 /* Pods_WindmillSample.framework in Frameworks */,
			);
			runOnlyForDeploymentPostprocessing = 0;
		};
/* End PBXFrameworksBuildPhase section */

/* Begin PBXGroup section */
		15757A2B23EEE47928C9D448 /* Pods */ = {
			isa = PBXGroup;
			children = (
				30AAE2EB802E0CF163B9E226 /* Pods-WindmillSample.debug.xcconfig */,
				291877FC814DE8B4AE755B7A /* Pods-WindmillSample.release.xcconfig */,
			);
			path = Pods;
			sourceTree = "<group>";
		};
		82032490365CF4481721C13D /* Frameworks */ = {
			isa = PBXGroup;
			children = (
				C75F01AC27D9A09300F26DD9 /* libbz2.tbd */,
				C75F01AA27D9A08E00F26DD9 /* libc++.tbd */,
				C75F01A827D9A08800F26DD9 /* libiconv.tbd */,
				C75F01A627D9A07600F26DD9 /* libsqlite3.tbd */,
				C75F01A427D99DE700F26DD9 /* libxml2.tbd */,
				C75F01A227D99DE000F26DD9 /* libc++abi.tbd */,
				C75F019F27D99D9600F26DD9 /* libz.tbd */,
				C75F019D27D99D6700F26DD9 /* libresolv.9.tbd */,
				C7CD05BE2762004F0015C417 /* WindMillSDK.framework */,
				C7CD05BC2762004B0015C417 /* WindFoundation.framework */,
				C7CD05BA276200470015C417 /* WindSDK.framework */,
				6E15269E3D2AE2F97F5459BB /* Pods_WindmillSample.framework */,
			);
			name = Frameworks;
			sourceTree = "<group>";
		};
		C734583627D9D0EC0091C25C /* Tools */ = {
			isa = PBXGroup;
			children = (
				C73602B1275E086200B7B2C9 /* WindmillChannelVersionViewController.h */,
				C73602B2275E086200B7B2C9 /* WindmillChannelVersionViewController.m */,
				C73602AE275E084700B7B2C9 /* WindmillToolViewController.h */,
				C73602AF275E084700B7B2C9 /* WindmillToolViewController.m */,
				C7CD05A82761D3840015C417 /* XLFormBaseViewController.h */,
				C7CD05A92761D3840015C417 /* XLFormBaseViewController.m */,
			);
			path = Tools;
			sourceTree = "<group>";
		};
		C734583727D9D0F30091C25C /* SplashAd */ = {
			isa = PBXGroup;
			children = (
				C73602A5275E080900B7B2C9 /* WindmillSplashAdViewController.h */,
				C73602A6275E080900B7B2C9 /* WindmillSplashAdViewController.m */,
			);
			path = SplashAd;
			sourceTree = "<group>";
		};
		C734583827D9D0F90091C25C /* RewardVideoAd */ = {
			isa = PBXGroup;
			children = (
				C73602A2275E07F500B7B2C9 /* WindmillRewardVideoAdViewController.h */,
				C73602A3275E07F500B7B2C9 /* WindmillRewardVideoAdViewController.m */,
			);
			path = RewardVideoAd;
			sourceTree = "<group>";
		};
		C734583927D9D1010091C25C /* IntersititialAd */ = {
			isa = PBXGroup;
			children = (
				C73602A8275E081F00B7B2C9 /* WindmillIntersititialAdViewController.h */,
				C73602A9275E081F00B7B2C9 /* WindmillIntersititialAdViewController.m */,
			);
			path = IntersititialAd;
			sourceTree = "<group>";
		};
		C734583A27D9D1080091C25C /* NativeAd */ = {
			isa = PBXGroup;
			children = (
				C7B2CA9629ADE05F00AF9BC6 /* AWMNativeListViewController.h */,
				C7B2CA9729ADE05F00AF9BC6 /* AWMNativeListViewController.m */,
				C7B2CA9329ACA4D800AF9BC6 /* DrawNativeAdViewController.h */,
				C7B2CA9429ACA4D800AF9BC6 /* DrawNativeAdViewController.m */,
				C73602AB275E083400B7B2C9 /* WindmillNativeAdViewController.h */,
				C73602AC275E083400B7B2C9 /* WindmillNativeAdViewController.m */,
				C7CD05AE2761F6680015C417 /* WindmillNativeTableViewController.h */,
				C7CD05AF2761F6680015C417 /* WindmillNativeTableViewController.m */,
				C7B2CA9929ADF05B00AF9BC6 /* AWMDrawAdConfigViewController.h */,
				C7B2CA9A29ADF05B00AF9BC6 /* AWMDrawAdConfigViewController.m */,
			);
			path = NativeAd;
			sourceTree = "<group>";
		};
		C7360271275E017D00B7B2C9 = {
			isa = PBXGroup;
			children = (
				C736027C275E017D00B7B2C9 /* WindmillSample */,
				C736027B275E017D00B7B2C9 /* Products */,
				15757A2B23EEE47928C9D448 /* Pods */,
				82032490365CF4481721C13D /* Frameworks */,
			);
			sourceTree = "<group>";
		};
		C736027B275E017D00B7B2C9 /* Products */ = {
			isa = PBXGroup;
			children = (
				C736027A275E017D00B7B2C9 /* WindmillSample.app */,
			);
			name = Products;
			sourceTree = "<group>";
		};
		C736027C275E017D00B7B2C9 /* WindmillSample */ = {
			isa = PBXGroup;
			children = (
				C77A21ED2941F72F008F8A81 /* Adapter */,
				C7360299275E05B600B7B2C9 /* App */,
				C736027D275E017D00B7B2C9 /* AppDelegate.h */,
				C736027E275E017D00B7B2C9 /* AppDelegate.m */,
				C7360283275E017D00B7B2C9 /* ViewController.h */,
				C7360284275E017D00B7B2C9 /* ViewController.m */,
				C7360286275E017D00B7B2C9 /* Main.storyboard */,
				C7360289275E017F00B7B2C9 /* Assets.xcassets */,
				C736028B275E017F00B7B2C9 /* LaunchScreen.storyboard */,
				C736028E275E017F00B7B2C9 /* Info.plist */,
				C736028F275E017F00B7B2C9 /* main.m */,
				C7CD051B2760900A0015C417 /* PrefixHeader.pch */,
			);
			path = WindmillSample;
			sourceTree = "<group>";
		};
		C7360299275E05B600B7B2C9 /* App */ = {
			isa = PBXGroup;
			children = (
				C7D8C2F2275F600200719BFD /* Helper */,
				C7D8C2EE275F553400719BFD /* Models */,
				C7D8C2E9275F511600719BFD /* Resource */,
				C73602B4275E0A0D00B7B2C9 /* Views */,
				C736029B275E07A200B7B2C9 /* ViewControllers */,
				C7CD05C2276212830015C417 /* NativeCells */,
				C736029A275E05C200B7B2C9 /* Cells */,
			);
			path = App;
			sourceTree = "<group>";
		};
		C736029A275E05C200B7B2C9 /* Cells */ = {
			isa = PBXGroup;
			children = (
				C7CD05AB2761ECD40015C417 /* XLFormSliderValueCell.h */,
				C7CD05AC2761ECD40015C417 /* XLFormSliderValueCell.m */,
				C7360297275E05B200B7B2C9 /* XLFormRowLeftIconAndTitleCell.h */,
				C7360296275E05B200B7B2C9 /* XLFormRowLeftIconAndTitleCell.m */,
				C7D8C2F9275F8F7600719BFD /* XLFormDropdownCell.h */,
				C7D8C2FA275F8F7600719BFD /* XLFormDropdownCell.m */,
				C7D8C2FB275F8F7600719BFD /* XLFormDropdownCell.xib */,
				C77DF8DA282CF8E700D9BB8A /* XLFormIconButtonCell.h */,
				C77DF8DB282CF8E700D9BB8A /* XLFormIconButtonCell.m */,
				C7CD0518276084B10015C417 /* XLFormInlineLabelCell.h */,
				C7CD0519276084B10015C417 /* XLFormInlineLabelCell.m */,
			);
			path = Cells;
			sourceTree = "<group>";
		};
		C736029B275E07A200B7B2C9 /* ViewControllers */ = {
			isa = PBXGroup;
			children = (
				C734583727D9D0F30091C25C /* SplashAd */,
				C77DF8D6282CF16E00D9BB8A /* BannerAd */,
				C734583927D9D1010091C25C /* IntersititialAd */,
				C734583827D9D0F90091C25C /* RewardVideoAd */,
				C734583A27D9D1080091C25C /* NativeAd */,
				C734583627D9D0EC0091C25C /* Tools */,
			);
			path = ViewControllers;
			sourceTree = "<group>";
		};
		C73602B4275E0A0D00B7B2C9 /* Views */ = {
			isa = PBXGroup;
			children = (
				C7CD05B12761F8D90015C417 /* NativeAdCustomView.h */,
				C7CD05B22761F8D90015C417 /* NativeAdCustomView.m */,
				C73602B6275E0A1800B7B2C9 /* WindmillDropdownListView.h */,
				C73602B5275E0A1800B7B2C9 /* WindmillDropdownListView.m */,
			);
			path = Views;
			sourceTree = "<group>";
		};
		C77A21ED2941F72F008F8A81 /* Adapter */ = {
			isa = PBXGroup;
			children = (
				C77A21EE2941F72F008F8A81 /* CSJ */,
			);
			path = Adapter;
			sourceTree = "<group>";
		};
		C77A21EE2941F72F008F8A81 /* CSJ */ = {
			isa = PBXGroup;
			children = (
				C77A22092941F72F008F8A81 /* common */,
				C77A22062941F72F008F8A81 /* config */,
				C77A22122941F72F008F8A81 /* banner */,
				C77A21F22941F72F008F8A81 /* Interstitial */,
				C77A21FB2941F72F008F8A81 /* native */,
				C77A220B2941F72F008F8A81 /* rewardVideo */,
				C77A21EF2941F72F008F8A81 /* splash */,
			);
			path = CSJ;
			sourceTree = "<group>";
		};
		C77A21EF2941F72F008F8A81 /* splash */ = {
			isa = PBXGroup;
			children = (
				C77A21F02941F72F008F8A81 /* XXCSJCustomSplashAdapter.h */,
				C77A21F12941F72F008F8A81 /* XXCSJCustomSplashAdapter.m */,
			);
			path = splash;
			sourceTree = "<group>";
		};
		C77A21F22941F72F008F8A81 /* Interstitial */ = {
			isa = PBXGroup;
			children = (
				C77A21F52941F72F008F8A81 /* XXCSJCustomInterstitialAdapter.h */,
				C77A21F92941F72F008F8A81 /* XXCSJCustomInterstitialAdapter.m */,
				C77A21F72941F72F008F8A81 /* XXCSJExpressFullscreenVideoAd.h */,
				C77A21F42941F72F008F8A81 /* XXCSJExpressFullscreenVideoAd.m */,
			);
			path = Interstitial;
			sourceTree = "<group>";
		};
		C77A21FB2941F72F008F8A81 /* native */ = {
			isa = PBXGroup;
			children = (
				C77A21FE2941F72F008F8A81 /* XXCSJCustomNativeAdapter.h */,
				C77A22032941F72F008F8A81 /* XXCSJCustomNativeAdapter.m */,
				C77A22022941F72F008F8A81 /* XXCSJNativeAdData.h */,
				C77A21FF2941F72F008F8A81 /* XXCSJNativeAdData.m */,
				C77A21FC2941F72F008F8A81 /* XXCSJNativeAdViewCreator.h */,
				C77A22012941F72F008F8A81 /* XXCSJNativeAdViewCreator.m */,
				C77A21FD2941F72F008F8A81 /* XXNativeAdsManager.h */,
				C77A22042941F72F008F8A81 /* XXNativeAdsManager.m */,
				C77A22002941F72F008F8A81 /* XXNativeExpressAdManager.h */,
				C77A22052941F72F008F8A81 /* XXNativeExpressAdManager.m */,
			);
			path = native;
			sourceTree = "<group>";
		};
		C77A22062941F72F008F8A81 /* config */ = {
			isa = PBXGroup;
			children = (
				C77A22072941F72F008F8A81 /* XXCustomConfigAdapter.h */,
				C77A22082941F72F008F8A81 /* XXCustomConfigAdapter.m */,
			);
			path = config;
			sourceTree = "<group>";
		};
		C77A22092941F72F008F8A81 /* common */ = {
			isa = PBXGroup;
			children = (
				C77A220A2941F72F008F8A81 /* XXCSJAdProtocol.h */,
			);
			path = common;
			sourceTree = "<group>";
		};
		C77A220B2941F72F008F8A81 /* rewardVideo */ = {
			isa = PBXGroup;
			children = (
				C77A220D2941F72F008F8A81 /* XXCSJCustomRewardedVideoAdapter.h */,
				C77A220F2941F72F008F8A81 /* XXCSJCustomRewardedVideoAdapter.m */,
				C77A22102941F72F008F8A81 /* XXCSJExpressRewardVideoAd.h */,
				C77A220C2941F72F008F8A81 /* XXCSJExpressRewardVideoAd.m */,
			);
			path = rewardVideo;
			sourceTree = "<group>";
		};
		C77A22122941F72F008F8A81 /* banner */ = {
			isa = PBXGroup;
			children = (
				C77A22132941F72F008F8A81 /* XXCSJCustomBannerAdapter.h */,
				C77A22142941F72F008F8A81 /* XXCSJCustomBannerAdapter.m */,
			);
			path = banner;
			sourceTree = "<group>";
		};
		C77DF8D6282CF16E00D9BB8A /* BannerAd */ = {
			isa = PBXGroup;
			children = (
				C77DF8D7282CF19100D9BB8A /* WindmillBannerAdViewController.h */,
				C77DF8D8282CF19100D9BB8A /* WindmillBannerAdViewController.m */,
			);
			path = BannerAd;
			sourceTree = "<group>";
		};
		C7CD05C2276212830015C417 /* NativeCells */ = {
			isa = PBXGroup;
			children = (
				C7B2CA9029ACA47500AF9BC6 /* AWMDrawTableViewCell.h */,
				C7B2CA9129ACA47500AF9BC6 /* AWMDrawTableViewCell.m */,
				C7CD05D82762131B0015C417 /* WindFeedNormalTableViewCell.h */,
				C7CD05D92762131B0015C417 /* WindFeedNormalTableViewCell.m */,
				C7CD05CC276212970015C417 /* WindMillFeedAdBaseTableViewCell.h */,
				C7CD05CB276212970015C417 /* WindMillFeedAdBaseTableViewCell.m */,
				C7CD05CD276212980015C417 /* WindMillFeedAdImageGroupTableViewCell.h */,
				C7CD05CE276212980015C417 /* WindMillFeedAdImageGroupTableViewCell.m */,
				C7CD05C9276212970015C417 /* WindMillFeedAdLargeTableViewCell.h */,
				C7CD05C7276212970015C417 /* WindMillFeedAdLargeTableViewCell.m */,
				C7CD05C3276212970015C417 /* WindMillFeedAdLeftTableViewCell.h */,
				C7CD05C4276212970015C417 /* WindMillFeedAdLeftTableViewCell.m */,
				C7CD05C6276212970015C417 /* WindMillFeedExpressAdTableViewCell.h */,
				C7CD05C5276212970015C417 /* WindMillFeedExpressAdTableViewCell.m */,
				C7CD05CA276212970015C417 /* WindMillFeedVideoTableViewCell.h */,
				C7CD05C8276212970015C417 /* WindMillFeedVideoTableViewCell.m */,
			);
			path = NativeCells;
			sourceTree = "<group>";
		};
		C7D8C2E9275F511600719BFD /* Resource */ = {
			isa = PBXGroup;
			children = (
				C7D8C2EA275F511600719BFD /* channel.json */,
				C7CD05C0276204950015C417 /* feedInfo.cactus */,
			);
			path = Resource;
			sourceTree = "<group>";
		};
		C7D8C2EE275F553400719BFD /* Models */ = {
			isa = PBXGroup;
			children = (
				C7D8C2EF275F591500719BFD /* ChannelItem.h */,
				C7D8C2F0275F591500719BFD /* ChannelItem.m */,
				C7CD05D5276212D90015C417 /* FeedNormalModel.h */,
				C7CD05D6276212D90015C417 /* FeedNormalModel.m */,
			);
			path = Models;
			sourceTree = "<group>";
		};
		C7D8C2F2275F600200719BFD /* Helper */ = {
			isa = PBXGroup;
			children = (
				C7D8C2F3275F601500719BFD /* WindHelper.h */,
				C7D8C2F4275F601500719BFD /* WindHelper.m */,
				C7CD05B72761FA210015C417 /* FeedStyleHelper.h */,
				C7CD05B82761FA210015C417 /* FeedStyleHelper.m */,
				C7CD05B42761F9F50015C417 /* WindMillFeedAdViewStyle.h */,
				C7CD05B52761F9F50015C417 /* WindMillFeedAdViewStyle.m */,
			);
			path = Helper;
			sourceTree = "<group>";
		};
/* End PBXGroup section */

/* Begin PBXNativeTarget section */
		C7360279275E017D00B7B2C9 /* WindmillSample */ = {
			isa = PBXNativeTarget;
			buildConfigurationList = C7360293275E017F00B7B2C9 /* Build configuration list for PBXNativeTarget "WindmillSample" */;
			buildPhases = (
				2E18851517A23A63CF459F15 /* [CP] Check Pods Manifest.lock */,
				C7360276275E017D00B7B2C9 /* Sources */,
				C7360277275E017D00B7B2C9 /* Frameworks */,
				C7360278275E017D00B7B2C9 /* Resources */,
				0274A0DF5AC341B0D24BCD05 /* [CP] Embed Pods Frameworks */,
				C75CCE3627D9A6AB003423E1 /* Embed Frameworks */,
				64CDEDFF757FF371561BD5A2 /* [CP] Copy Pods Resources */,
			);
			buildRules = (
			);
			dependencies = (
			);
			name = WindmillSample;
			productName = WindmillSample;
			productReference = C736027A275E017D00B7B2C9 /* WindmillSample.app */;
			productType = "com.apple.product-type.application";
		};
/* End PBXNativeTarget section */

/* Begin PBXProject section */
		C7360272275E017D00B7B2C9 /* Project object */ = {
			isa = PBXProject;
			attributes = {
				BuildIndependentTargetsInParallel = 1;
				LastUpgradeCheck = 1310;
				TargetAttributes = {
					C7360279275E017D00B7B2C9 = {
						CreatedOnToolsVersion = 13.1;
					};
				};
			};
			buildConfigurationList = C7360275275E017D00B7B2C9 /* Build configuration list for PBXProject "WindmillSample" */;
			compatibilityVersion = "Xcode 13.0";
			developmentRegion = en;
			hasScannedForEncodings = 0;
			knownRegions = (
				en,
				Base,
			);
			mainGroup = C7360271275E017D00B7B2C9;
			productRefGroup = C736027B275E017D00B7B2C9 /* Products */;
			projectDirPath = "";
			projectRoot = "";
			targets = (
				C7360279275E017D00B7B2C9 /* WindmillSample */,
			);
		};
/* End PBXProject section */

/* Begin PBXResourcesBuildPhase section */
		C7360278275E017D00B7B2C9 /* Resources */ = {
			isa = PBXResourcesBuildPhase;
			buildActionMask = 2147483647;
			files = (
				C7CD05C1276204950015C417 /* feedInfo.cactus in Resources */,
				C7D8C2FD275F8F7600719BFD /* XLFormDropdownCell.xib in Resources */,
				C7D8C2EC275F511600719BFD /* channel.json in Resources */,
				C736028D275E017F00B7B2C9 /* LaunchScreen.storyboard in Resources */,
				C736028A275E017F00B7B2C9 /* Assets.xcassets in Resources */,
				C7360288275E017D00B7B2C9 /* Main.storyboard in Resources */,
			);
			runOnlyForDeploymentPostprocessing = 0;
		};
/* End PBXResourcesBuildPhase section */

/* Begin PBXShellScriptBuildPhase section */
		0274A0DF5AC341B0D24BCD05 /* [CP] Embed Pods Frameworks */ = {
			isa = PBXShellScriptBuildPhase;
			buildActionMask = 2147483647;
			files = (
			);
			inputFileListPaths = (
				"${PODS_ROOT}/Target Support Files/Pods-WindmillSample/Pods-WindmillSample-frameworks-${CONFIGURATION}-input-files.xcfilelist",
			);
			name = "[CP] Embed Pods Frameworks";
			outputFileListPaths = (
				"${PODS_ROOT}/Target Support Files/Pods-WindmillSample/Pods-WindmillSample-frameworks-${CONFIGURATION}-output-files.xcfilelist",
			);
			runOnlyForDeploymentPostprocessing = 0;
			shellPath = /bin/sh;
			shellScript = "\"${PODS_ROOT}/Target Support Files/Pods-WindmillSample/Pods-WindmillSample-frameworks.sh\"\n";
			showEnvVarsInLog = 0;
		};
		2E18851517A23A63CF459F15 /* [CP] Check Pods Manifest.lock */ = {
			isa = PBXShellScriptBuildPhase;
			buildActionMask = 2147483647;
			files = (
			);
			inputFileListPaths = (
			);
			inputPaths = (
				"${PODS_PODFILE_DIR_PATH}/Podfile.lock",
				"${PODS_ROOT}/Manifest.lock",
			);
			name = "[CP] Check Pods Manifest.lock";
			outputFileListPaths = (
			);
			outputPaths = (
				"$(DERIVED_FILE_DIR)/Pods-WindmillSample-checkManifestLockResult.txt",
			);
			runOnlyForDeploymentPostprocessing = 0;
			shellPath = /bin/sh;
			shellScript = "diff \"${PODS_PODFILE_DIR_PATH}/Podfile.lock\" \"${PODS_ROOT}/Manifest.lock\" > /dev/null\nif [ $? != 0 ] ; then\n    # print error to STDERR\n    echo \"error: The sandbox is not in sync with the Podfile.lock. Run 'pod install' or update your CocoaPods installation.\" >&2\n    exit 1\nfi\n# This output is used by Xcode 'outputs' to avoid re-running this script phase.\necho \"SUCCESS\" > \"${SCRIPT_OUTPUT_FILE_0}\"\n";
			showEnvVarsInLog = 0;
		};
		64CDEDFF757FF371561BD5A2 /* [CP] Copy Pods Resources */ = {
			isa = PBXShellScriptBuildPhase;
			buildActionMask = 2147483647;
			files = (
			);
			inputFileListPaths = (
				"${PODS_ROOT}/Target Support Files/Pods-WindmillSample/Pods-WindmillSample-resources-${CONFIGURATION}-input-files.xcfilelist",
			);
			name = "[CP] Copy Pods Resources";
			outputFileListPaths = (
				"${PODS_ROOT}/Target Support Files/Pods-WindmillSample/Pods-WindmillSample-resources-${CONFIGURATION}-output-files.xcfilelist",
			);
			runOnlyForDeploymentPostprocessing = 0;
			shellPath = /bin/sh;
			shellScript = "\"${PODS_ROOT}/Target Support Files/Pods-WindmillSample/Pods-WindmillSample-resources.sh\"\n";
			showEnvVarsInLog = 0;
		};
/* End PBXShellScriptBuildPhase section */

/* Begin PBXSourcesBuildPhase section */
		C7360276275E017D00B7B2C9 /* Sources */ = {
			isa = PBXSourcesBuildPhase;
			buildActionMask = 2147483647;
			files = (
				C7B2CA9B29ADF05B00AF9BC6 /* AWMDrawAdConfigViewController.m in Sources */,
				C7CD05B62761F9F50015C417 /* WindMillFeedAdViewStyle.m in Sources */,
				C7CD05AA2761D3840015C417 /* XLFormBaseViewController.m in Sources */,
				C73602A4275E07F500B7B2C9 /* WindmillRewardVideoAdViewController.m in Sources */,
				C7360285275E017D00B7B2C9 /* ViewController.m in Sources */,
				C77A221B2941F72F008F8A81 /* XXCSJNativeAdViewCreator.m in Sources */,
				C7360298275E05B300B7B2C9 /* XLFormRowLeftIconAndTitleCell.m in Sources */,
				C77A221F2941F72F008F8A81 /* XXCustomConfigAdapter.m in Sources */,
				C77A22232941F72F008F8A81 /* XXCSJCustomBannerAdapter.m in Sources */,
				C7CD05B92761FA210015C417 /* FeedStyleHelper.m in Sources */,
				C73602AA275E081F00B7B2C9 /* WindmillIntersititialAdViewController.m in Sources */,
				C7D8C2FC275F8F7600719BFD /* XLFormDropdownCell.m in Sources */,
				C736027F275E017D00B7B2C9 /* AppDelegate.m in Sources */,
				C7B2CA9529ACA4D800AF9BC6 /* DrawNativeAdViewController.m in Sources */,
				C7360290275E017F00B7B2C9 /* main.m in Sources */,
				C77A221A2941F72F008F8A81 /* XXCSJNativeAdData.m in Sources */,
				C77A22192941F72F008F8A81 /* XXCSJCustomInterstitialAdapter.m in Sources */,
				C7CD05D1276212980015C417 /* WindMillFeedAdLargeTableViewCell.m in Sources */,
				C73602B7275E0A1800B7B2C9 /* WindmillDropdownListView.m in Sources */,
				C77A22152941F72F008F8A81 /* XXCSJCustomSplashAdapter.m in Sources */,
				C77A22162941F72F008F8A81 /* XXCSJExpressFullscreenVideoAd.m in Sources */,
				C77A221E2941F72F008F8A81 /* XXNativeExpressAdManager.m in Sources */,
				C7CD05DA2762131B0015C417 /* WindFeedNormalTableViewCell.m in Sources */,
				C77A22222941F72F008F8A81 /* XXCSJCustomRewardedVideoAdapter.m in Sources */,
				C7CD05D3276212980015C417 /* WindMillFeedAdBaseTableViewCell.m in Sources */,
				C77A22202941F72F008F8A81 /* XXCSJExpressRewardVideoAd.m in Sources */,
				C77DF8DC282CF8E700D9BB8A /* XLFormIconButtonCell.m in Sources */,
				C7CD05CF276212980015C417 /* WindMillFeedAdLeftTableViewCell.m in Sources */,
				C7D8C2F5275F601500719BFD /* WindHelper.m in Sources */,
				C7CD05AD2761ECD40015C417 /* XLFormSliderValueCell.m in Sources */,
				C7B2CA9829ADE05F00AF9BC6 /* AWMNativeListViewController.m in Sources */,
				C7CD051A276084B10015C417 /* XLFormInlineLabelCell.m in Sources */,
				C7B2CA9229ACA47500AF9BC6 /* AWMDrawTableViewCell.m in Sources */,
				C7CD05D2276212980015C417 /* WindMillFeedVideoTableViewCell.m in Sources */,
				C77DF8D9282CF19100D9BB8A /* WindmillBannerAdViewController.m in Sources */,
				C73602B0275E084700B7B2C9 /* WindmillToolViewController.m in Sources */,
				C77A221C2941F72F008F8A81 /* XXCSJCustomNativeAdapter.m in Sources */,
				C73602A7275E080900B7B2C9 /* WindmillSplashAdViewController.m in Sources */,
				C7D8C2F1275F591500719BFD /* ChannelItem.m in Sources */,
				C73602AD275E083400B7B2C9 /* WindmillNativeAdViewController.m in Sources */,
				C7CD05D4276212980015C417 /* WindMillFeedAdImageGroupTableViewCell.m in Sources */,
				C77A221D2941F72F008F8A81 /* XXNativeAdsManager.m in Sources */,
				C73602B3275E086200B7B2C9 /* WindmillChannelVersionViewController.m in Sources */,
				C7CD05B32761F8D90015C417 /* NativeAdCustomView.m in Sources */,
				C7CD05D0276212980015C417 /* WindMillFeedExpressAdTableViewCell.m in Sources */,
				C7CD05D7276212D90015C417 /* FeedNormalModel.m in Sources */,
				C7CD05B02761F6680015C417 /* WindmillNativeTableViewController.m in Sources */,
			);
			runOnlyForDeploymentPostprocessing = 0;
		};
/* End PBXSourcesBuildPhase section */

/* Begin PBXVariantGroup section */
		C7360286275E017D00B7B2C9 /* Main.storyboard */ = {
			isa = PBXVariantGroup;
			children = (
				C7360287275E017D00B7B2C9 /* Base */,
			);
			name = Main.storyboard;
			sourceTree = "<group>";
		};
		C736028B275E017F00B7B2C9 /* LaunchScreen.storyboard */ = {
			isa = PBXVariantGroup;
			children = (
				C736028C275E017F00B7B2C9 /* Base */,
			);
			name = LaunchScreen.storyboard;
			sourceTree = "<group>";
		};
/* End PBXVariantGroup section */

/* Begin XCBuildConfiguration section */
		C7360291275E017F00B7B2C9 /* Debug */ = {
			isa = XCBuildConfiguration;
			buildSettings = {
				ALWAYS_SEARCH_USER_PATHS = NO;
				CLANG_ANALYZER_NONNULL = YES;
				CLANG_ANALYZER_NUMBER_OBJECT_CONVERSION = YES_AGGRESSIVE;
				CLANG_CXX_LANGUAGE_STANDARD = "gnu++17";
				CLANG_CXX_LIBRARY = "libc++";
				CLANG_ENABLE_MODULES = YES;
				CLANG_ENABLE_OBJC_ARC = YES;
				CLANG_ENABLE_OBJC_WEAK = YES;
				CLANG_WARN_BLOCK_CAPTURE_AUTORELEASING = YES;
				CLANG_WARN_BOOL_CONVERSION = YES;
				CLANG_WARN_COMMA = YES;
				CLANG_WARN_CONSTANT_CONVERSION = YES;
				CLANG_WARN_DEPRECATED_OBJC_IMPLEMENTATIONS = YES;
				CLANG_WARN_DIRECT_OBJC_ISA_USAGE = YES_ERROR;
				CLANG_WARN_DOCUMENTATION_COMMENTS = YES;
				CLANG_WARN_EMPTY_BODY = YES;
				CLANG_WARN_ENUM_CONVERSION = YES;
				CLANG_WARN_INFINITE_RECURSION = YES;
				CLANG_WARN_INT_CONVERSION = YES;
				CLANG_WARN_NON_LITERAL_NULL_CONVERSION = YES;
				CLANG_WARN_OBJC_IMPLICIT_RETAIN_SELF = YES;
				CLANG_WARN_OBJC_LITERAL_CONVERSION = YES;
				CLANG_WARN_OBJC_ROOT_CLASS = YES_ERROR;
				CLANG_WARN_QUOTED_INCLUDE_IN_FRAMEWORK_HEADER = YES;
				CLANG_WARN_RANGE_LOOP_ANALYSIS = YES;
				CLANG_WARN_STRICT_PROTOTYPES = YES;
				CLANG_WARN_SUSPICIOUS_MOVE = YES;
				CLANG_WARN_UNGUARDED_AVAILABILITY = YES_AGGRESSIVE;
				CLANG_WARN_UNREACHABLE_CODE = YES;
				CLANG_WARN__DUPLICATE_METHOD_MATCH = YES;
				COPY_PHASE_STRIP = NO;
				DEBUG_INFORMATION_FORMAT = dwarf;
				ENABLE_STRICT_OBJC_MSGSEND = YES;
				ENABLE_TESTABILITY = YES;
				GCC_C_LANGUAGE_STANDARD = gnu11;
				GCC_DYNAMIC_NO_PIC = NO;
				GCC_NO_COMMON_BLOCKS = YES;
				GCC_OPTIMIZATION_LEVEL = 0;
				GCC_PREPROCESSOR_DEFINITIONS = (
					"DEBUG=1",
					"$(inherited)",
				);
				GCC_WARN_64_TO_32_BIT_CONVERSION = YES;
				GCC_WARN_ABOUT_RETURN_TYPE = YES_ERROR;
				GCC_WARN_UNDECLARED_SELECTOR = YES;
				GCC_WARN_UNINITIALIZED_AUTOS = YES_AGGRESSIVE;
				GCC_WARN_UNUSED_FUNCTION = YES;
				GCC_WARN_UNUSED_VARIABLE = YES;
				IPHONEOS_DEPLOYMENT_TARGET = 10.0;
				MTL_ENABLE_DEBUG_INFO = INCLUDE_SOURCE;
				MTL_FAST_MATH = YES;
				ONLY_ACTIVE_ARCH = YES;
				SDKROOT = iphoneos;
			};
			name = Debug;
		};
		C7360292275E017F00B7B2C9 /* Release */ = {
			isa = XCBuildConfiguration;
			buildSettings = {
				ALWAYS_SEARCH_USER_PATHS = NO;
				CLANG_ANALYZER_NONNULL = YES;
				CLANG_ANALYZER_NUMBER_OBJECT_CONVERSION = YES_AGGRESSIVE;
				CLANG_CXX_LANGUAGE_STANDARD = "gnu++17";
				CLANG_CXX_LIBRARY = "libc++";
				CLANG_ENABLE_MODULES = YES;
				CLANG_ENABLE_OBJC_ARC = YES;
				CLANG_ENABLE_OBJC_WEAK = YES;
				CLANG_WARN_BLOCK_CAPTURE_AUTORELEASING = YES;
				CLANG_WARN_BOOL_CONVERSION = YES;
				CLANG_WARN_COMMA = YES;
				CLANG_WARN_CONSTANT_CONVERSION = YES;
				CLANG_WARN_DEPRECATED_OBJC_IMPLEMENTATIONS = YES;
				CLANG_WARN_DIRECT_OBJC_ISA_USAGE = YES_ERROR;
				CLANG_WARN_DOCUMENTATION_COMMENTS = YES;
				CLANG_WARN_EMPTY_BODY = YES;
				CLANG_WARN_ENUM_CONVERSION = YES;
				CLANG_WARN_INFINITE_RECURSION = YES;
				CLANG_WARN_INT_CONVERSION = YES;
				CLANG_WARN_NON_LITERAL_NULL_CONVERSION = YES;
				CLANG_WARN_OBJC_IMPLICIT_RETAIN_SELF = YES;
				CLANG_WARN_OBJC_LITERAL_CONVERSION = YES;
				CLANG_WARN_OBJC_ROOT_CLASS = YES_ERROR;
				CLANG_WARN_QUOTED_INCLUDE_IN_FRAMEWORK_HEADER = YES;
				CLANG_WARN_RANGE_LOOP_ANALYSIS = YES;
				CLANG_WARN_STRICT_PROTOTYPES = YES;
				CLANG_WARN_SUSPICIOUS_MOVE = YES;
				CLANG_WARN_UNGUARDED_AVAILABILITY = YES_AGGRESSIVE;
				CLANG_WARN_UNREACHABLE_CODE = YES;
				CLANG_WARN__DUPLICATE_METHOD_MATCH = YES;
				COPY_PHASE_STRIP = NO;
				DEBUG_INFORMATION_FORMAT = "dwarf-with-dsym";
				ENABLE_NS_ASSERTIONS = NO;
				ENABLE_STRICT_OBJC_MSGSEND = YES;
				GCC_C_LANGUAGE_STANDARD = gnu11;
				GCC_NO_COMMON_BLOCKS = YES;
				GCC_WARN_64_TO_32_BIT_CONVERSION = YES;
				GCC_WARN_ABOUT_RETURN_TYPE = YES_ERROR;
				GCC_WARN_UNDECLARED_SELECTOR = YES;
				GCC_WARN_UNINITIALIZED_AUTOS = YES_AGGRESSIVE;
				GCC_WARN_UNUSED_FUNCTION = YES;
				GCC_WARN_UNUSED_VARIABLE = YES;
				IPHONEOS_DEPLOYMENT_TARGET = 10.0;
				MTL_ENABLE_DEBUG_INFO = NO;
				MTL_FAST_MATH = YES;
				SDKROOT = iphoneos;
				VALIDATE_PRODUCT = YES;
			};
			name = Release;
		};
		C7360294275E017F00B7B2C9 /* Debug */ = {
			isa = XCBuildConfiguration;
			baseConfigurationReference = 30AAE2EB802E0CF163B9E226 /* Pods-WindmillSample.debug.xcconfig */;
			buildSettings = {
				ASSETCATALOG_COMPILER_APPICON_NAME = AppIcon;
				ASSETCATALOG_COMPILER_GLOBAL_ACCENT_COLOR_NAME = AccentColor;
				CODE_SIGN_STYLE = Automatic;
				CURRENT_PROJECT_VERSION = 1;
				DEVELOPMENT_TEAM = 7TS7V48SA9;
				ENABLE_BITCODE = NO;
				FRAMEWORK_SEARCH_PATHS = (
					"$(inherited)",
					"$(PROJECT_DIR)/WindmillSample/windmill-sdk-ios/AdNetworks/unity",
					"$(PROJECT_DIR)/WindmillSample/windmill-sdk-ios/AdNetworks/tapjoy/Tapjoy.embeddedframework",
					"$(PROJECT_DIR)/WindmillSample/windmill-sdk-ios/AdNetworks/csj",
					"$(PROJECT_DIR)/WindmillSample/windmill-sdk-ios/AdNetworks/ironSource",
					"$(PROJECT_DIR)/WindmillSample/windmill-sdk-ios/AdNetworks/baidu",
					"$(PROJECT_DIR)/WindmillSample/windmill-sdk-ios/AdNetworks/klevin",
				);
				GCC_PREFIX_HEADER = "${SRCROOT}/WindmillSample/PrefixHeader.pch";
				GENERATE_INFOPLIST_FILE = YES;
				INFOPLIST_FILE = WindmillSample/Info.plist;
				INFOPLIST_KEY_CFBundleDisplayName = ToBidDemo;
				INFOPLIST_KEY_NSLocationWhenInUseUsageDescription = "是否允许使用定位权限";
				INFOPLIST_KEY_NSUserTrackingUsageDescription = "请授权使用IDFA";
				INFOPLIST_KEY_UIApplicationSupportsIndirectInputEvents = YES;
				INFOPLIST_KEY_UILaunchStoryboardName = LaunchScreen;
				INFOPLIST_KEY_UIMainStoryboardFile = Main;
				INFOPLIST_KEY_UISupportedInterfaceOrientations = "UIInterfaceOrientationLandscapeLeft UIInterfaceOrientationLandscapeRight UIInterfaceOrientationPortrait";
				INFOPLIST_KEY_UISupportedInterfaceOrientations_iPad = "UIInterfaceOrientationLandscapeLeft UIInterfaceOrientationLandscapeRight UIInterfaceOrientationPortrait UIInterfaceOrientationPortraitUpsideDown";
				IPHONEOS_DEPLOYMENT_TARGET = 11.0;
				LD_RUNPATH_SEARCH_PATHS = (
					"$(inherited)",
					"@executable_path/Frameworks",
				);
				LIBRARY_SEARCH_PATHS = (
					"$(inherited)",
					"$(PROJECT_DIR)/WindmillSample/windmill-sdk-ios/AdNetworks/unity",
					"$(PROJECT_DIR)/WindmillSample/windmill-sdk-ios/AdNetworks/vungle",
					"$(PROJECT_DIR)/WindmillSample/windmill-sdk-ios/AdNetworks/tapjoy",
					"$(PROJECT_DIR)/WindmillSample/windmill-sdk-ios/AdNetworks/applovin",
					"$(PROJECT_DIR)/WindmillSample/windmill-sdk-ios/AdNetworks/admob",
					"$(PROJECT_DIR)/WindmillSample/windmill-sdk-ios/AdNetworks/gdt",
					"$(PROJECT_DIR)/WindmillSample/windmill-sdk-ios/AdNetworks/gdt/lib",
					"$(PROJECT_DIR)/WindmillSample/windmill-sdk-ios/AdNetworks/csj",
					"$(PROJECT_DIR)/WindmillSample/windmill-sdk-ios/AdNetworks/ironSource",
					"$(PROJECT_DIR)/WindmillSample/windmill-sdk-ios/AdNetworks/mintegral_global",
					"$(PROJECT_DIR)/WindmillSample/windmill-sdk-ios/AdNetworks/kuaishou",
					"$(PROJECT_DIR)/WindmillSample/windmill-sdk-ios/AdNetworks/baidu",
					"$(PROJECT_DIR)/WindmillSample/windmill-sdk-ios/AdNetworks/klevin",
				);
				MARKETING_VERSION = 1.0;
				PRODUCT_BUNDLE_IDENTIFIER = com.windmill.WindmillSample;
				PRODUCT_NAME = "$(TARGET_NAME)";
				SWIFT_EMIT_LOC_STRINGS = YES;
				TARGETED_DEVICE_FAMILY = 1;
			};
			name = Debug;
		};
		C7360295275E017F00B7B2C9 /* Release */ = {
			isa = XCBuildConfiguration;
			baseConfigurationReference = 291877FC814DE8B4AE755B7A /* Pods-WindmillSample.release.xcconfig */;
			buildSettings = {
				ASSETCATALOG_COMPILER_APPICON_NAME = AppIcon;
				ASSETCATALOG_COMPILER_GLOBAL_ACCENT_COLOR_NAME = AccentColor;
				CODE_SIGN_STYLE = Automatic;
				CURRENT_PROJECT_VERSION = 1;
				DEVELOPMENT_TEAM = 7TS7V48SA9;
				ENABLE_BITCODE = NO;
				FRAMEWORK_SEARCH_PATHS = (
					"$(inherited)",
					"$(PROJECT_DIR)/WindmillSample/windmill-sdk-ios/AdNetworks/unity",
					"$(PROJECT_DIR)/WindmillSample/windmill-sdk-ios/AdNetworks/tapjoy/Tapjoy.embeddedframework",
					"$(PROJECT_DIR)/WindmillSample/windmill-sdk-ios/AdNetworks/csj",
					"$(PROJECT_DIR)/WindmillSample/windmill-sdk-ios/AdNetworks/ironSource",
					"$(PROJECT_DIR)/WindmillSample/windmill-sdk-ios/AdNetworks/baidu",
					"$(PROJECT_DIR)/WindmillSample/windmill-sdk-ios/AdNetworks/klevin",
				);
				GCC_PREFIX_HEADER = "${SRCROOT}/WindmillSample/PrefixHeader.pch";
				GENERATE_INFOPLIST_FILE = YES;
				INFOPLIST_FILE = WindmillSample/Info.plist;
				INFOPLIST_KEY_CFBundleDisplayName = ToBidDemo;
				INFOPLIST_KEY_NSLocationWhenInUseUsageDescription = "是否允许使用定位权限";
				INFOPLIST_KEY_NSUserTrackingUsageDescription = "请授权使用IDFA";
				INFOPLIST_KEY_UIApplicationSupportsIndirectInputEvents = YES;
				INFOPLIST_KEY_UILaunchStoryboardName = LaunchScreen;
				INFOPLIST_KEY_UIMainStoryboardFile = Main;
				INFOPLIST_KEY_UISupportedInterfaceOrientations = "UIInterfaceOrientationLandscapeLeft UIInterfaceOrientationLandscapeRight UIInterfaceOrientationPortrait";
				INFOPLIST_KEY_UISupportedInterfaceOrientations_iPad = "UIInterfaceOrientationLandscapeLeft UIInterfaceOrientationLandscapeRight UIInterfaceOrientationPortrait UIInterfaceOrientationPortraitUpsideDown";
				IPHONEOS_DEPLOYMENT_TARGET = 11.0;
				LD_RUNPATH_SEARCH_PATHS = (
					"$(inherited)",
					"@executable_path/Frameworks",
				);
				LIBRARY_SEARCH_PATHS = (
					"$(inherited)",
					"$(PROJECT_DIR)/WindmillSample/windmill-sdk-ios/AdNetworks/unity",
					"$(PROJECT_DIR)/WindmillSample/windmill-sdk-ios/AdNetworks/vungle",
					"$(PROJECT_DIR)/WindmillSample/windmill-sdk-ios/AdNetworks/tapjoy",
					"$(PROJECT_DIR)/WindmillSample/windmill-sdk-ios/AdNetworks/applovin",
					"$(PROJECT_DIR)/WindmillSample/windmill-sdk-ios/AdNetworks/admob",
					"$(PROJECT_DIR)/WindmillSample/windmill-sdk-ios/AdNetworks/gdt",
					"$(PROJECT_DIR)/WindmillSample/windmill-sdk-ios/AdNetworks/gdt/lib",
					"$(PROJECT_DIR)/WindmillSample/windmill-sdk-ios/AdNetworks/csj",
					"$(PROJECT_DIR)/WindmillSample/windmill-sdk-ios/AdNetworks/ironSource",
					"$(PROJECT_DIR)/WindmillSample/windmill-sdk-ios/AdNetworks/mintegral_global",
					"$(PROJECT_DIR)/WindmillSample/windmill-sdk-ios/AdNetworks/kuaishou",
					"$(PROJECT_DIR)/WindmillSample/windmill-sdk-ios/AdNetworks/baidu",
					"$(PROJECT_DIR)/WindmillSample/windmill-sdk-ios/AdNetworks/klevin",
				);
				MARKETING_VERSION = 1.0;
				PRODUCT_BUNDLE_IDENTIFIER = com.windmill.WindmillSample;
				PRODUCT_NAME = "$(TARGET_NAME)";
				SWIFT_EMIT_LOC_STRINGS = YES;
				TARGETED_DEVICE_FAMILY = 1;
			};
			name = Release;
		};
/* End XCBuildConfiguration section */

/* Begin XCConfigurationList section */
		C7360275275E017D00B7B2C9 /* Build configuration list for PBXProject "WindmillSample" */ = {
			isa = XCConfigurationList;
			buildConfigurations = (
				C7360291275E017F00B7B2C9 /* Debug */,
				C7360292275E017F00B7B2C9 /* Release */,
			);
			defaultConfigurationIsVisible = 0;
			defaultConfigurationName = Release;
		};
		C7360293275E017F00B7B2C9 /* Build configuration list for PBXNativeTarget "WindmillSample" */ = {
			isa = XCConfigurationList;
			buildConfigurations = (
				C7360294275E017F00B7B2C9 /* Debug */,
				C7360295275E017F00B7B2C9 /* Release */,
			);
			defaultConfigurationIsVisible = 0;
			defaultConfigurationName = Release;
		};
/* End XCConfigurationList section */
	};
	rootObject = C7360272275E017D00B7B2C9 /* Project object */;
}
